
Microsoft Visual Studio Solution File, Format Version 12.00
# Visual Studio Version 16
VisualStudioVersion = 16.0.30804.86
MinimumVisualStudioVersion = 10.0.40219.1
Project("{FAE04EC0-301F-11D3-BF4B-00C04F79EFBC}") = "ConsoleApp3", "ConsoleApp3\ConsoleApp3.csproj", "{5C738EA7-9EE7-470F-9756-40C08C76669C}"
EndProject
Global
	GlobalSection(SolutionConfigurationPlatforms) = preSolution
		Debug|Any CPU = Debug|Any CPU
		Release|Any CPU = Release|Any CPU
	EndGlobalSection
	GlobalSection(ProjectConfigurationPlatforms) = postSolution
		{5C738EA7-9EE7-470F-9756-40C08C76669C}.Debug|Any CPU.ActiveCfg = Debug|Any CPU
		{5C738EA7-9EE7-470F-9756-40C08C76669C}.Debug|Any CPU.Build.0 = Debug|Any CPU
		{5C738EA7-9EE7-470F-9756-40C08C76669C}.Release|Any CPU.ActiveCfg = Release|Any CPU
		{5C738EA7-9EE7-470F-9756-40C08C76669C}.Release|Any CPU.Build.0 = Release|Any CPU
	EndGlobalSection
	GlobalSection(SolutionProperties) = preSolution
		HideSolutionNode = FALSE
	EndGlobalSection
	GlobalSection(ExtensibilityGlobals) = postSolution
		SolutionGuid = {9BE0D26A-7157-4FCF-8755-6F57ACFF0BD4}
	EndGlobalSection
EndGlobal
